
Microsoft Visual Studio Solution File, Format Version 12.00
# Visual Studio Version 17
VisualStudioVersion = 17.2.32630.192
MinimumVisualStudioVersion = 10.0.40219.1
Project("{FAE04EC0-301F-11D3-BF4B-00C04F79EFBC}") = "grpc_client", "grpc_client.csproj", "{CBADAEC5-7D62-40CE-8A14-C3803607637F}"
EndProject
Global
	GlobalSection(SolutionConfigurationPlatforms) = preSolution
		Debug|Any CPU = Debug|Any CPU
		Release|Any CPU = Release|Any CPU
	EndGlobalSection
	GlobalSection(ProjectConfigurationPlatforms) = postSolution
		{CBADAEC5-7D62-40CE-8A14-C3803607637F}.Debug|Any CPU.ActiveCfg = Debug|Any CPU
		{CBADAEC5-7D62-40CE-8A14-C3803607637F}.Debug|Any CPU.Build.0 = Debug|Any CPU
		{CBADAEC5-7D62-40CE-8A14-C3803607637F}.Release|Any CPU.ActiveCfg = Release|Any CPU
		{CBADAEC5-7D62-40CE-8A14-C3803607637F}.Release|Any CPU.Build.0 = Release|Any CPU
	EndGlobalSection
	GlobalSection(SolutionProperties) = preSolution
		HideSolutionNode = FALSE
	EndGlobalSection
	GlobalSection(ExtensibilityGlobals) = postSolution
		SolutionGuid = {C10448AB-7737-46FE-83DD-4805E02A1442}
	EndGlobalSection
EndGlobal
